
Microsoft Visual Studio Solution File, Format Version 12.00
# Visual Studio Version 17
VisualStudioVersion = 17.5.002.0
MinimumVisualStudioVersion = 10.0.40219.1
Project("{2150E333-8FDC-42A3-9474-1A3956D46DE8}") = "src", "src", "{1BCF6F1A-671C-4148-AA6F-BA37C71B447F}"
EndProject
Project("{9A19103F-16F7-4668-BE54-9A1E7A4F7556}") = "Play.Common", "src\Play.Common\Play.Common.csproj", "{ABE84B97-A0D6-481C-8976-A378F3E885A1}"
EndProject
Global
	GlobalSection(SolutionConfigurationPlatforms) = preSolution
		Debug|Any CPU = Debug|Any CPU
		Release|Any CPU = Release|Any CPU
	EndGlobalSection
	GlobalSection(ProjectConfigurationPlatforms) = postSolution
		{ABE84B97-A0D6-481C-8976-A378F3E885A1}.Debug|Any CPU.ActiveCfg = Debug|Any CPU
		{ABE84B97-A0D6-481C-8976-A378F3E885A1}.Debug|Any CPU.Build.0 = Debug|Any CPU
		{ABE84B97-A0D6-481C-8976-A378F3E885A1}.Release|Any CPU.ActiveCfg = Release|Any CPU
		{ABE84B97-A0D6-481C-8976-A378F3E885A1}.Release|Any CPU.Build.0 = Release|Any CPU
	EndGlobalSection
	GlobalSection(SolutionProperties) = preSolution
		HideSolutionNode = FALSE
	EndGlobalSection
	GlobalSection(NestedProjects) = preSolution
		{ABE84B97-A0D6-481C-8976-A378F3E885A1} = {1BCF6F1A-671C-4148-AA6F-BA37C71B447F}
	EndGlobalSection
	GlobalSection(ExtensibilityGlobals) = postSolution
		SolutionGuid = {60206423-7EEF-4BFC-AFB0-6523D0B95610}
	EndGlobalSection
EndGlobal
