
Microsoft Visual Studio Solution File, Format Version 12.00
# Visual Studio Version 17
VisualStudioVersion = 17.5.002.0
MinimumVisualStudioVersion = 10.0.40219.1
Project("{2150E333-8FDC-42A3-9474-1A3956D46DE8}") = "src", "src", "{186ACC58-BB52-411E-BD66-E8AAD9A6972F}"
EndProject
Project("{9A19103F-16F7-4668-BE54-9A1E7A4F7556}") = "Play.Identity.Service", "src\Play.Identity.Service\Play.Identity.Service.csproj", "{B9246AF7-B9D5-47ED-AE22-B5C2B4B4980D}"
EndProject
Global
	GlobalSection(SolutionConfigurationPlatforms) = preSolution
		Debug|Any CPU = Debug|Any CPU
		Release|Any CPU = Release|Any CPU
	EndGlobalSection
	GlobalSection(ProjectConfigurationPlatforms) = postSolution
		{B9246AF7-B9D5-47ED-AE22-B5C2B4B4980D}.Debug|Any CPU.ActiveCfg = Debug|Any CPU
		{B9246AF7-B9D5-47ED-AE22-B5C2B4B4980D}.Debug|Any CPU.Build.0 = Debug|Any CPU
		{B9246AF7-B9D5-47ED-AE22-B5C2B4B4980D}.Release|Any CPU.ActiveCfg = Release|Any CPU
		{B9246AF7-B9D5-47ED-AE22-B5C2B4B4980D}.Release|Any CPU.Build.0 = Release|Any CPU
	EndGlobalSection
	GlobalSection(SolutionProperties) = preSolution
		HideSolutionNode = FALSE
	EndGlobalSection
	GlobalSection(NestedProjects) = preSolution
		{B9246AF7-B9D5-47ED-AE22-B5C2B4B4980D} = {186ACC58-BB52-411E-BD66-E8AAD9A6972F}
	EndGlobalSection
	GlobalSection(ExtensibilityGlobals) = postSolution
		SolutionGuid = {EB1C87CE-B554-465A-B4B4-1FE8915AEE94}
	EndGlobalSection
EndGlobal
