
Microsoft Visual Studio Solution File, Format Version 12.00
# Visual Studio Version 17
VisualStudioVersion = 17.5.002.0
MinimumVisualStudioVersion = 10.0.40219.1
Project("{2150E333-8FDC-42A3-9474-1A3956D46DE8}") = "src", "src", "{B523DB66-4805-4372-A339-1B66374542F4}"
EndProject
Project("{9A19103F-16F7-4668-BE54-9A1E7A4F7556}") = "Play.Catalog.Service", "src\Play.Catalog.Service\Play.Catalog.Service.csproj", "{7BC14C06-F408-4870-9E08-5ED4079BDB54}"
EndProject
Global
	GlobalSection(SolutionConfigurationPlatforms) = preSolution
		Debug|Any CPU = Debug|Any CPU
		Release|Any CPU = Release|Any CPU
	EndGlobalSection
	GlobalSection(ProjectConfigurationPlatforms) = postSolution
		{7BC14C06-F408-4870-9E08-5ED4079BDB54}.Debug|Any CPU.ActiveCfg = Debug|Any CPU
		{7BC14C06-F408-4870-9E08-5ED4079BDB54}.Debug|Any CPU.Build.0 = Debug|Any CPU
		{7BC14C06-F408-4870-9E08-5ED4079BDB54}.Release|Any CPU.ActiveCfg = Release|Any CPU
		{7BC14C06-F408-4870-9E08-5ED4079BDB54}.Release|Any CPU.Build.0 = Release|Any CPU
	EndGlobalSection
	GlobalSection(SolutionProperties) = preSolution
		HideSolutionNode = FALSE
	EndGlobalSection
	GlobalSection(NestedProjects) = preSolution
		{7BC14C06-F408-4870-9E08-5ED4079BDB54} = {B523DB66-4805-4372-A339-1B66374542F4}
	EndGlobalSection
	GlobalSection(ExtensibilityGlobals) = postSolution
		SolutionGuid = {4CDE4520-1F64-4523-B457-862A20FB0ECF}
	EndGlobalSection
EndGlobal
